
Microsoft Visual Studio Solution File, Format Version 12.00
# Visual Studio Version 16
VisualStudioVersion = 16.0.29613.14
MinimumVisualStudioVersion = 10.0.40219.1
Project("{FAE04EC0-301F-11D3-BF4B-00C04F79EFBC}") = "WpfMessenger", "WpfMessenger\WpfMessenger.csproj", "{5FF97AC4-F71A-48CB-B673-A51892E6DE55}"
EndProject
Global
	GlobalSection(SolutionConfigurationPlatforms) = preSolution
		Debug|Any CPU = Debug|Any CPU
		Release|Any CPU = Release|Any CPU
	EndGlobalSection
	GlobalSection(ProjectConfigurationPlatforms) = postSolution
		{5FF97AC4-F71A-48CB-B673-A51892E6DE55}.Debug|Any CPU.ActiveCfg = Debug|Any CPU
		{5FF97AC4-F71A-48CB-B673-A51892E6DE55}.Debug|Any CPU.Build.0 = Debug|Any CPU
		{5FF97AC4-F71A-48CB-B673-A51892E6DE55}.Release|Any CPU.ActiveCfg = Release|Any CPU
		{5FF97AC4-F71A-48CB-B673-A51892E6DE55}.Release|Any CPU.Build.0 = Release|Any CPU
	EndGlobalSection
	GlobalSection(SolutionProperties) = preSolution
		HideSolutionNode = FALSE
	EndGlobalSection
	GlobalSection(ExtensibilityGlobals) = postSolution
		SolutionGuid = {BB03865C-11F3-4FAC-96B1-1805E474039C}
	EndGlobalSection
EndGlobal
